{
  "name": "smartlist-dashboard",
  "version": "5.0.0",
  "lockfileVersion": 1,
  "requires": true,
  "dependencies": {
    "@babel/helper-plugin-utils": {
      "version": "7.16.7",
      "resolved": "https://registry.npmjs.org/@babel/helper-plugin-utils/-/helper-plugin-utils-7.16.7.tgz",
      "integrity": "sha512-Qg3Nk7ZxpgMrsox6HreY1ZNKdBq7K72tDSliA6dCl5f007jR4ne8iD5UzuNnCJH2xBf2BEEVGr+/OL6Gdp7RxA==",
      "dev": true
    },
    "@babel/plugin-syntax-jsx": {
      "version": "7.16.7",
      "resolved": "https://registry.npmjs.org/@babel/plugin-syntax-jsx/-/plugin-syntax-jsx-7.16.7.tgz",
      "integrity": "sha512-Esxmk7YjA8QysKeT3VhTXvF6y77f/a91SIs4pWb4H2eWGQkCKFgQaG6hdoEVZtGsrAcb2K5BW66XsOErD4WU3Q==",
      "dev": true,
      "requires": {
        "@babel/helper-plugin-utils": "^7.16.7"
      }
    },
    "@babel/runtime": {
      "version": "7.17.8",
      "resolved": "https://registry.npmjs.org/@babel/runtime/-/runtime-7.17.8.tgz",
      "integrity": "sha512-dQpEpK0O9o6lj6oPu0gRDbbnk+4LeHlNcBpspf6Olzt3GIX4P1lWF1gS+pHLDFlaJvbR6q7jCfQ08zA4QJBnmA==",
      "requires": {
        "regenerator-runtime": "^0.13.4"
      }
    },
    "@date-io/core": {
      "version": "2.13.1",
      "resolved": "https://registry.npmjs.org/@date-io/core/-/core-2.13.1.tgz",
      "integrity": "sha512-pVI9nfkf2qClb2Cxdq0Q4zJhdawMG4ybWZUVGifT78FDwzRMX2SwXBb55s5NRJk0HcIicDuxktmCtemZqMH1Zg=="
    },
    "@date-io/date-fns": {
      "version": "2.13.1",
      "resolved": "https://registry.npmjs.org/@date-io/date-fns/-/date-fns-2.13.1.tgz",
      "integrity": "sha512-8fmfwjiLMpFLD+t4NBwDx0eblWnNcgt4NgfT/uiiQTGI81fnPu9tpBMYdAcuWxaV7LLpXgzLBx1SYWAMDVUDQQ==",
      "requires": {
        "@date-io/core": "^2.13.1"
      }
    },
    "@date-io/dayjs": {
      "version": "2.13.1",
      "resolved": "https://registry.npmjs.org/@date-io/dayjs/-/dayjs-2.13.1.tgz",
      "integrity": "sha512-5bL4WWWmlI4uGZVScANhHJV7Mjp93ec2gNeUHDqqLaMZhp51S0NgD25oqj/k0LqBn1cdU2MvzNpk/ObMmVv5cQ==",
      "requires": {
        "@date-io/core": "^2.13.1"
      }
    },
    "@date-io/luxon": {
      "version": "2.13.1",
      "resolved": "https://registry.npmjs.org/@date-io/luxon/-/luxon-2.13.1.tgz",
      "integrity": "sha512-yG+uM7lXfwLyKKEwjvP8oZ7qblpmfl9gxQYae55ifbwiTs0CoCTkYkxEaQHGkYtTqGTzLqcb0O9Pzx6vgWg+yg==",
      "requires": {
        "@date-io/core": "^2.13.1"
      }
    },
    "@date-io/moment": {
      "version": "2.13.1",
      "resolved": "https://registry.npmjs.org/@date-io/moment/-/moment-2.13.1.tgz",
      "integrity": "sha512-XX1X/Tlvl3TdqQy2j0ZUtEJV6Rl8tOyc5WOS3ki52He28Uzme4Ro/JuPWTMBDH63weSWIZDlbR7zBgp3ZA2y1A==",
      "requires": {
        "@date-io/core": "^2.13.1"
      }
    },
    "@emotion/is-prop-valid": {
      "version": "1.1.2",
      "resolved": "https://registry.npmjs.org/@emotion/is-prop-valid/-/is-prop-valid-1.1.2.tgz",
      "integrity": "sha512-3QnhqeL+WW88YjYbQL5gUIkthuMw7a0NGbZ7wfFVk2kg/CK5w8w5FFa0RzWjyY1+sujN0NWbtSHH6OJmWHtJpQ==",
      "requires": {
        "@emotion/memoize": "^0.7.4"
      }
    },
    "@emotion/memoize": {
      "version": "0.7.5",
      "resolved": "https://registry.npmjs.org/@emotion/memoize/-/memoize-0.7.5.tgz",
      "integrity": "sha512-igX9a37DR2ZPGYtV6suZ6whr8pTFtyHL3K/oLUotxpSVO2ASaprmAe2Dkq7tBo7CRY7MMDrAa9nuQP9/YG8FxQ=="
    },
    "@emotion/sheet": {
      "version": "1.1.0",
      "resolved": "https://registry.npmjs.org/@emotion/sheet/-/sheet-1.1.0.tgz",
      "integrity": "sha512-u0AX4aSo25sMAygCuQTzS+HsImZFuS8llY8O7b9MDRzbJM0kVJlAz6KNDqcG7pOuQZJmj/8X/rAW+66kMnMW+g=="
    },
    "@emotion/utils": {
      "version": "1.1.0",
      "resolved": "https://registry.npmjs.org/@emotion/utils/-/utils-1.1.0.tgz",
      "integrity": "sha512-iRLa/Y4Rs5H/f2nimczYmS5kFJEbpiVvgN3XVfZ022IYhuNA1IRSHEizcof88LtCTXtl9S2Cxt32KgaXEu72JQ=="
    },
    "@emotion/weak-memoize": {
      "version": "0.2.5",
      "resolved": "https://registry.npmjs.org/@emotion/weak-memoize/-/weak-memoize-0.2.5.tgz",
      "integrity": "sha512-6U71C2Wp7r5XtFtQzYrW5iKFT67OixrSxjI4MptCHzdSVlgabczzqLe0ZSgnub/5Kp4hSbpDB1tMytZY9pwxxA=="
    },
    "@mui/base": {
      "version": "5.0.0-alpha.74",
      "resolved": "https://registry.npmjs.org/@mui/base/-/base-5.0.0-alpha.74.tgz",
      "integrity": "sha512-pw3T1xNXpW8pLo9+BvtyazZb0CSjNJsjbzznlbV/aNkBfjNPXQVI3X1NDm3WSI8y6M96WDIVO7XrHAohOwALSQ==",
      "requires": {
        "@babel/runtime": "^7.17.2",
        "@emotion/is-prop-valid": "^1.1.2",
        "@mui/types": "^7.1.3",
        "@mui/utils": "^5.5.3",
        "@popperjs/core": "^2.11.4",
        "clsx": "^1.1.1",
        "prop-types": "^15.7.2",
        "react-is": "^17.0.2"
      }
    },
    "@mui/lab": {
      "version": "5.0.0-alpha.75",
      "resolved": "https://registry.npmjs.org/@mui/lab/-/lab-5.0.0-alpha.75.tgz",
      "integrity": "sha512-2DgPGYm0wjuSSb9R4cp97LINvHBI7+8eT1WL108GmniwFbAxb0U7hc//QF44W0JyJbLU+qNiScFJupQMTbe4dg==",
      "requires": {
        "@babel/runtime": "^7.17.2",
        "@date-io/date-fns": "^2.13.1",
        "@date-io/dayjs": "^2.13.1",
        "@date-io/luxon": "^2.13.1",
        "@date-io/moment": "^2.13.1",
        "@mui/base": "5.0.0-alpha.74",
        "@mui/system": "^5.5.3",
        "@mui/utils": "^5.5.3",
        "clsx": "^1.1.1",
        "prop-types": "^15.7.2",
        "react-is": "^17.0.2",
        "react-transition-group": "^4.4.2",
        "rifm": "^0.12.1"
      }
    },
    "@mui/private-theming": {
      "version": "5.5.3",
      "resolved": "https://registry.npmjs.org/@mui/private-theming/-/private-theming-5.5.3.tgz",
      "integrity": "sha512-Wf7NurY7lk8SBWelSBY2U02zxLt1773JpIcXTHuEC9/GZdQA4CXCJGl2cVQzheKhee5rZ+8JwGulrRiVl1m+4A==",
      "requires": {
        "@babel/runtime": "^7.17.2",
        "@mui/utils": "^5.5.3",
        "prop-types": "^15.7.2"
      }
    },
    "@mui/styled-engine": {
      "version": "5.5.2",
      "resolved": "https://registry.npmjs.org/@mui/styled-engine/-/styled-engine-5.5.2.tgz",
      "integrity": "sha512-jkz5AHHbA43akBo5L3y1X1/X0f+RvXvCp3eXKt+iOf3qnKSAausbtlVz7gBbC4xIWDnP1Jb/6T+t/0/7gObRYA==",
      "requires": {
        "@babel/runtime": "^7.17.2",
        "@emotion/cache": "^11.7.1",
        "prop-types": "^15.7.2"
      },
      "dependencies": {
        "@emotion/cache": {
          "version": "11.7.1",
          "resolved": "https://registry.npmjs.org/@emotion/cache/-/cache-11.7.1.tgz",
          "integrity": "sha512-r65Zy4Iljb8oyjtLeCuBH8Qjiy107dOYC6SJq7g7GV5UCQWMObY4SJDPGFjiiVpPrOJ2hmJOoBiYTC7hwx9E2A==",
          "requires": {
            "@emotion/memoize": "^0.7.4",
            "@emotion/sheet": "^1.1.0",
            "@emotion/utils": "^1.0.0",
            "@emotion/weak-memoize": "^0.2.5",
            "stylis": "4.0.13"
          }
        }
      }
    },
    "@mui/system": {
      "version": "5.5.3",
      "resolved": "https://registry.npmjs.org/@mui/system/-/system-5.5.3.tgz",
      "integrity": "sha512-J9JcySJuEqfEoP334K/2gEWm2vOx73Uqjii3qlFVhWRBOAJ0Pjyk0sN5W/eVRbwhUm95DNgh2V5s8dRK3vzyVw==",
      "requires": {
        "@babel/runtime": "^7.17.2",
        "@mui/private-theming": "^5.5.3",
        "@mui/styled-engine": "^5.5.2",
        "@mui/types": "^7.1.3",
        "@mui/utils": "^5.5.3",
        "clsx": "^1.1.1",
        "csstype": "^3.0.11",
        "prop-types": "^15.7.2"
      }
    },
    "@mui/types": {
      "version": "7.1.3",
      "resolved": "https://registry.npmjs.org/@mui/types/-/types-7.1.3.tgz",
      "integrity": "sha512-DDF0UhMBo4Uezlk+6QxrlDbchF79XG6Zs0zIewlR4c0Dt6GKVFfUtzPtHCH1tTbcSlq/L2bGEdiaoHBJ9Y1gSA=="
    },
    "@mui/utils": {
      "version": "5.5.3",
      "resolved": "https://registry.npmjs.org/@mui/utils/-/utils-5.5.3.tgz",
      "integrity": "sha512-t627eVRpl3SlxVya0cIVNs8jPl4KCEiGaTSWY9iKKTcMNaeDbuRML+zv/CFHDPr1zFv+FjJSP02ySB+tZ8xIag==",
      "requires": {
        "@babel/runtime": "^7.17.2",
        "@types/prop-types": "^15.7.4",
        "@types/react-is": "^16.7.1 || ^17.0.0",
        "prop-types": "^15.7.2",
        "react-is": "^17.0.2"
      }
    },
    "@popperjs/core": {
      "version": "2.11.4",
      "resolved": "https://registry.npmjs.org/@popperjs/core/-/core-2.11.4.tgz",
      "integrity": "sha512-q/ytXxO5NKvyT37pmisQAItCFqA7FD/vNb8dgaJy3/630Fsc+Mz9/9f2SziBoIZ30TJooXyTwZmhi1zjXmObYg=="
    },
    "@types/prop-types": {
      "version": "15.7.4",
      "resolved": "https://registry.npmjs.org/@types/prop-types/-/prop-types-15.7.4.tgz",
      "integrity": "sha512-rZ5drC/jWjrArrS8BR6SIr4cWpW09RNTYt9AMZo3Jwwif+iacXAqgVjm0B0Bv/S1jhDXKHqRVNCbACkJ89RAnQ=="
    },
    "@types/react-is": {
      "version": "17.0.3",
      "resolved": "https://registry.npmjs.org/@types/react-is/-/react-is-17.0.3.tgz",
      "integrity": "sha512-aBTIWg1emtu95bLTLx0cpkxwGW3ueZv71nE2YFBpL8k/z5czEW8yYpOo8Dp+UUAFAtKwNaOsh/ioSeQnWlZcfw==",
      "requires": {
        "@types/react": "*"
      },
      "dependencies": {
        "@types/react": {
          "version": "17.0.43",
          "resolved": "https://registry.npmjs.org/@types/react/-/react-17.0.43.tgz",
          "integrity": "sha512-8Q+LNpdxf057brvPu1lMtC5Vn7J119xrP1aq4qiaefNioQUYANF/CYeK4NsKorSZyUGJ66g0IM+4bbjwx45o2A==",
          "requires": {
            "@types/prop-types": "*",
            "@types/scheduler": "*",
            "csstype": "^3.0.2"
          }
        }
      }
    },
    "@types/scheduler": {
      "version": "0.16.2",
      "resolved": "https://registry.npmjs.org/@types/scheduler/-/scheduler-0.16.2.tgz",
      "integrity": "sha512-hppQEBDmlwhFAXKJX2KnWLYu5yMfi91yazPb2l+lbJiwW+wdo1gNeRA+3RgNSO39WYX2euey41KEwnqesU2Jew=="
    },
    "clsx": {
      "version": "1.1.1",
      "resolved": "https://registry.npmjs.org/clsx/-/clsx-1.1.1.tgz",
      "integrity": "sha512-6/bPho624p3S2pMyvP5kKBPXnI3ufHLObBFCfgx+LkeR5lg2XYy2hqZqUf45ypD8COn2bhgGJSUE+l5dhNBieA=="
    },
    "csstype": {
      "version": "3.0.11",
      "resolved": "https://registry.npmjs.org/csstype/-/csstype-3.0.11.tgz",
      "integrity": "sha512-sa6P2wJ+CAbgyy4KFssIb/JNMLxFvKF1pCYCSXS8ZMuqZnMsrxqI2E5sPyoTpxoPU/gVZMzr2zjOfg8GIZOMsw=="
    },
    "dayjs": {
      "version": "1.11.0",
      "resolved": "https://registry.npmjs.org/dayjs/-/dayjs-1.11.0.tgz",
      "integrity": "sha512-JLC809s6Y948/FuCZPm5IX8rRhQwOiyMb2TfVVQEixG7P8Lm/gt5S7yoQZmC8x1UehI9Pb7sksEt4xx14m+7Ug=="
    },
    "dom-helpers": {
      "version": "5.2.1",
      "resolved": "https://registry.npmjs.org/dom-helpers/-/dom-helpers-5.2.1.tgz",
      "integrity": "sha512-nRCa7CK3VTrM2NmGkIy4cbK7IZlgBE/PYMn55rrXefr5xXDP0LdtfPnblFDoVdcAfslJ7or6iqAUnx0CCGIWQA==",
      "requires": {
        "@babel/runtime": "^7.8.7",
        "csstype": "^3.0.2"
      }
    },
    "js-tokens": {
      "version": "4.0.0",
      "resolved": "https://registry.npmjs.org/js-tokens/-/js-tokens-4.0.0.tgz",
      "integrity": "sha512-RdJUflcE3cUzKiMqQgsCu06FPu9UdIJO0beYbPhHN4k6apgJtifcoCtT9bcxOpYBtpD2kCM6Sbzg4CausW/PKQ=="
    },
    "loose-envify": {
      "version": "1.4.0",
      "resolved": "https://registry.npmjs.org/loose-envify/-/loose-envify-1.4.0.tgz",
      "integrity": "sha512-lyuxPGr/Wfhrlem2CL/UcnUc1zcqKAImBDzukY7Y5F/yQiNdko6+fRLevlw1HgMySw7f611UIY408EtxRSoK3Q==",
      "requires": {
        "js-tokens": "^3.0.0 || ^4.0.0"
      }
    },
    "object-assign": {
      "version": "4.1.1",
      "resolved": "https://registry.npmjs.org/object-assign/-/object-assign-4.1.1.tgz",
      "integrity": "sha1-IQmtx5ZYh8/AXLvUQsrIv7s2CGM="
    },
    "prop-types": {
      "version": "15.8.1",
      "resolved": "https://registry.npmjs.org/prop-types/-/prop-types-15.8.1.tgz",
      "integrity": "sha512-oj87CgZICdulUohogVAR7AjlC0327U4el4L6eAvOqCeudMDVU0NThNaV+b9Df4dXgSP1gXMTnPdhfe/2qDH5cg==",
      "requires": {
        "loose-envify": "^1.4.0",
        "object-assign": "^4.1.1",
        "react-is": "^16.13.1"
      },
      "dependencies": {
        "react-is": {
          "version": "16.13.1",
          "resolved": "https://registry.npmjs.org/react-is/-/react-is-16.13.1.tgz",
          "integrity": "sha512-24e6ynE2H+OKt4kqsOvNd8kBpV65zoxbA4BVsEOB3ARVWQki/DHzaUoC5KuON/BiccDaCCTZBuOcfZs70kR8bQ=="
        }
      }
    },
    "react-fetch-hook": {
      "version": "1.8.5",
      "resolved": "https://registry.npmjs.org/react-fetch-hook/-/react-fetch-hook-1.8.5.tgz",
      "integrity": "sha512-HRkfFAGGS6u3xknFWvgNQBUBRkM0ZZnUlyv4yVy2e+ZijUDOPJ+CwgpZ5nvrNd6QVU8++KcV/9WSe3TyW/N/rA=="
    },
    "react-is": {
      "version": "17.0.2",
      "resolved": "https://registry.npmjs.org/react-is/-/react-is-17.0.2.tgz",
      "integrity": "sha512-w2GsyukL62IJnlaff/nRegPQR94C/XXamvMWmSHRJ4y7Ts/4ocGRmTHvOs8PSE6pB3dWOrD/nueuU5sduBsQ4w=="
    },
    "react-transition-group": {
      "version": "4.4.2",
      "resolved": "https://registry.npmjs.org/react-transition-group/-/react-transition-group-4.4.2.tgz",
      "integrity": "sha512-/RNYfRAMlZwDSr6z4zNKV6xu53/e2BuaBbGhbyYIXTrmgu/bGHzmqOs7mJSJBHy9Ud+ApHx3QjrkKSp1pxvlFg==",
      "requires": {
        "@babel/runtime": "^7.5.5",
        "dom-helpers": "^5.0.1",
        "loose-envify": "^1.4.0",
        "prop-types": "^15.6.2"
      }
    },
    "regenerator-runtime": {
      "version": "0.13.9",
      "resolved": "https://registry.npmjs.org/regenerator-runtime/-/regenerator-runtime-0.13.9.tgz",
      "integrity": "sha512-p3VT+cOEgxFsRRA9X4lkI1E+k2/CtnKtU4gcxyaCUreilL/vqI6CdZ3wxVUx3UOUg+gnUOQQcRI7BmSI656MYA=="
    },
    "rifm": {
      "version": "0.12.1",
      "resolved": "https://registry.npmjs.org/rifm/-/rifm-0.12.1.tgz",
      "integrity": "sha512-OGA1Bitg/dSJtI/c4dh90svzaUPt228kzFsUkJbtA2c964IqEAwWXeL9ZJi86xWv3j5SMqRvGULl7bA6cK0Bvg=="
    },
    "stylis": {
      "version": "4.0.13",
      "resolved": "https://registry.npmjs.org/stylis/-/stylis-4.0.13.tgz",
      "integrity": "sha512-xGPXiFVl4YED9Jh7Euv2V220mriG9u4B2TA6Ybjc1catrstKD2PpIdU3U0RKpkVBC2EhmL/F0sPCr9vrFTNRag=="
    }
  }
}
